{
    "_readme": [
        "This file locks the dependencies of your project to a known state",
        "Read more about it at https://getcomposer.org/doc/01-basic-usage.md#composer-lock-the-lock-file",
        "This file is @generated automatically"
    ],
    "content-hash": "30173e8d53d520b628d08ae176beb264",
    "packages": [
        {
            "name": "tweet9ra/logux-processor",
            "version": "4.0.0.x-dev",
            "source": {
                "type": "git",
                "url": "https://github.com/tweet9ra/logux-php.git",
                "reference": "4e5ee93c80c06481a04e498fcaaf6713c133687c"
            },
            "dist": {
                "type": "zip",
                "url": "https://api.github.com/repos/tweet9ra/logux-php/zipball/4e5ee93c80c06481a04e498fcaaf6713c133687c",
                "reference": "4e5ee93c80c06481a04e498fcaaf6713c133687c",
                "shasum": ""
            },
            "require": {
                "php": "^7.1.0"
            },
            "require-dev": {
                "phpunit/phpunit": "^8.5"
            },
            "type": "library",
            "autoload": {
                "psr-4": {
                    "tweet9ra\\Logux\\": "src/",
                    "Tests\\": "tests/"
                }
            },
            "notification-url": "https://packagist.org/downloads/",
            "license": [
                "MIT"
            ],
            "authors": [
                {
                    "name": "Segey Naumov",
                    "email": "tweet9ra@mail.ru"
                }
            ],
            "time": "2020-04-17T15:42:59+00:00"
        }
    ],
    "packages-dev": [],
    "aliases": [],
    "minimum-stability": "dev",
    "stability-flags": [],
    "prefer-stable": false,
    "prefer-lowest": false,
    "platform": [],
    "platform-dev": []
}
